
Microsoft Visual Studio Solution File, Format Version 12.00
# Visual Studio Version 17
VisualStudioVersion = 17.5.33103.201
MinimumVisualStudioVersion = 10.0.40219.1
Project("{FAE04EC0-301F-11D3-BF4B-00C04F79EFBC}") = "IoTPwner", "IoTPwner\IoTPwner.csproj", "{B92E81EA-4EBB-4660-B45B-6928E3994C53}"
EndProject
Global
	GlobalSection(SolutionConfigurationPlatforms) = preSolution
		Debug|Any CPU = Debug|Any CPU
		Release|Any CPU = Release|Any CPU
	EndGlobalSection
	GlobalSection(ProjectConfigurationPlatforms) = postSolution
		{B92E81EA-4EBB-4660-B45B-6928E3994C53}.Debug|Any CPU.ActiveCfg = Debug|Any CPU
		{B92E81EA-4EBB-4660-B45B-6928E3994C53}.Debug|Any CPU.Build.0 = Debug|Any CPU
		{B92E81EA-4EBB-4660-B45B-6928E3994C53}.Release|Any CPU.ActiveCfg = Release|Any CPU
		{B92E81EA-4EBB-4660-B45B-6928E3994C53}.Release|Any CPU.Build.0 = Release|Any CPU
	EndGlobalSection
	GlobalSection(SolutionProperties) = preSolution
		HideSolutionNode = FALSE
	EndGlobalSection
	GlobalSection(ExtensibilityGlobals) = postSolution
		SolutionGuid = {7DC3FFB9-5854-42DC-9AF0-8C29CCCE7D99}
	EndGlobalSection
EndGlobal
